header:
  version: 14
overrides:
  repos:
    bitbake:
      commit: d3b32587c2314febf96897f97e0172790b4fc1cf
    meta-amd-adaptive-socs:
      commit: 6b7eef28e7277e43bc01d8e0f1a0445923fb74a3
    meta-arm:
      commit: 0a4b911d9fd63ab29c4532a907fae3282dbdcfe4
    meta-ettus:
      commit: 517950e3f854406aee03f881bee512ecd18e7bf8
    meta-mender:
      commit: 1fa4f2c3c9f1f9023e8a384083476b60de3a8d0c
    meta-openamp:
      commit: e44e4a3b4abe9cc5fdfe75c43181ba82750f6865
    meta-openembedded:
      commit: 0f00f8b9a21950640da8c5707343e5540133f86e
    meta-qt5:
      commit: 916d37e38077850ff5a0ac4fce6f2a55ba5b2a86
    meta-sdr:
      commit: f1c81da49254ada1a551b75f2da13885ad4515a7
    meta-security:
      commit: b13f1705d723650de61277670c8a76aadea4cfdd
    meta-stm32:
      commit: 671610c4d5541b65de983986faf0d3ca8d4fb4e9
    meta-virtualization:
      commit: c141b3cd60ad3a1bbab22b4884742d4c082beda6
    meta-xilinx:
      commit: f24f5dde78fe9a8a30d56f0ee6699bed29f21bcf
    meta-xilinx-tools:
      commit: 982572c8efe0070b198ed162c0a3f268b4a15d4a
    openembedded-core:
      commit: b4f06303e55c7270a8482a610927a1c41d5dbf9c
