header:
  version: 14
overrides:
  repos:
    bitbake:
      commit: 8dcf084522b9c66a6639b5f117f554fde9b6b45a
    meta-amd-adaptive-socs:
      commit: 6b7eef28e7277e43bc01d8e0f1a0445923fb74a3
    meta-arm:
      commit: a81c19915b5b9e71ed394032e9a50fd06919e1cd
    meta-ettus:
      commit: f2dea8235026cddea18b41d2fb61aae8a9f1c468
    meta-mender:
      commit: 76404a7b914676a57d76ccb5fe12149112c05c03
    meta-openamp:
      commit: e44e4a3b4abe9cc5fdfe75c43181ba82750f6865
    meta-openembedded:
      commit: 2759d8870ea387b76c902070bed8a6649ff47b56
    meta-qt5:
      commit: 9ae2fe2696b10f5dc4253c4f467dc388139860bd
    meta-sdr:
      commit: 8944351c711f4c3408e58647871267c63077de3d
    meta-security:
      commit: afbbe28cee4af2c6760aaead43a4a3ef29969809
    meta-stm32:
      commit: 671610c4d5541b65de983986faf0d3ca8d4fb4e9
    meta-virtualization:
      commit: f92518e20530edfebca45e4170e11460949a5303
    meta-xilinx:
      commit: 936845b97ab1ff035108f219f4e7cfef5401eb02
    meta-xilinx-tools:
      commit: fb6908f6a63c5c79cb1c096f54d8ef5605eb7b74
    openembedded-core:
      commit: 6988157ad983978ffd6b12bcefedd4deaffdbbd1
