header:
  version: 14
overrides:
  repos:
    bitbake:
      commit: 8dcf084522b9c66a6639b5f117f554fde9b6b45a
    openembedded-core:
      commit: 6988157ad983978ffd6b12bcefedd4deaffdbbd1
    meta-openembedded:
      commit: 2b26d30fc7f478f5735d514f0c1bc28f6a4148b6
    meta-arm:
      commit: a81c19915b5b9e71ed394032e9a50fd06919e1cd
    meta-yocto:
      commit: bf6aea52c4009e08f26565c33ce432eec7cfb090
