header:
  version: 14
overrides:
  repos:
    bitbake:
      commit: cff3be6f664f8f07a40727ff63eeeb24d6f5e00b
    meta-arm:
      commit: 045eb74bd9abe7d9ccf365a2417e440ce83bcbb0
    meta-openembedded:
      commit: 7eb94107580092f79ff1b639a87762fe6f96aa12
    meta-st-stm32mp:
      commit: 99e728c23eb1478e4af1e27f17a8fe93cfd80295
    openembedded-core:
      commit: 762321beb0260b1411c7f98f13458ec99a118280
