header:
  version: 14
overrides:
  repos:
    bitbake:
      commit: d3b32587c2314febf96897f97e0172790b4fc1cf
    meta-arm:
      commit: 0a4b911d9fd63ab29c4532a907fae3282dbdcfe4
    meta-openembedded:
      commit: 0f00f8b9a21950640da8c5707343e5540133f86e
    meta-yocto:
      commit: 8183b55783d45dd45691983bc0b407752a3449f4
    openembedded-core:
      commit: b4f06303e55c7270a8482a610927a1c41d5dbf9c
